
Microsoft Visual Studio Solution File, Format Version 12.00
# Visual Studio Version 17
VisualStudioVersion = 17.10.35013.160
MinimumVisualStudioVersion = 10.0.40219.1
Project("{2150E333-8FDC-42A3-9474-1A3956D46DE8}") = "API", "API", "{DC612141-B5CD-4791-BC4F-7F8C267DA659}"
EndProject
Project("{2150E333-8FDC-42A3-9474-1A3956D46DE8}") = "Core", "Core", "{31641C6A-ACFF-4705-803E-3C09AD0E89D7}"
EndProject
Project("{2150E333-8FDC-42A3-9474-1A3956D46DE8}") = "Infastructure", "Infastructure", "{79505AAA-4EA3-4CD0-8AB2-E506936C3BC7}"
EndProject
Project("{2150E333-8FDC-42A3-9474-1A3956D46DE8}") = "Domain", "Domain", "{B89A4889-FA45-4305-948A-DDB901E8A1D9}"
EndProject
Project("{2150E333-8FDC-42A3-9474-1A3956D46DE8}") = "Persistence", "Persistence", "{D60D43B5-4297-4E31-A10D-4442EE02CB39}"
EndProject
Project("{2150E333-8FDC-42A3-9474-1A3956D46DE8}") = "Application", "Application", "{F6C02259-BD7C-4837-9068-4D77F342D7F0}"
EndProject
Project("{2150E333-8FDC-42A3-9474-1A3956D46DE8}") = "Solution Items", "Solution Items", "{51916C03-F944-4B19-BEEC-B18F92FA153A}"
	ProjectSection(SolutionItems) = preProject
		.editorconfig = .editorconfig
		docker-compose.yaml = docker-compose.yaml
	EndProjectSection
EndProject
Project("{2150E333-8FDC-42A3-9474-1A3956D46DE8}") = "Utility", "Utility", "{934B6050-F81F-463B-81D9-72F72BE142CB}"
EndProject
Project("{2150E333-8FDC-42A3-9474-1A3956D46DE8}") = "Identity", "Identity", "{0CB3F815-C040-4735-8FC9-5EB1742FBAD4}"
EndProject
Project("{2150E333-8FDC-42A3-9474-1A3956D46DE8}") = "Tests", "Tests", "{1F2989F7-AC7E-46EE-813A-458937BC04AF}"
EndProject
Project("{9A19103F-16F7-4668-BE54-9A1E7A4F7556}") = "CleanArchCQRSMediatorAPI.API", "API\CleanArchCQRSMediatorAPI.API.csproj", "{8554414C-1D33-4265-B828-699E66E2BCD1}"
EndProject
Project("{9A19103F-16F7-4668-BE54-9A1E7A4F7556}") = "CleanArchCQRSMediatorAPI.Application", "Core\Application\CleanArchCQRSMediatorAPI.Application.csproj", "{344A72CB-3A80-4C9E-B51A-2E9C68D04C17}"
EndProject
Project("{9A19103F-16F7-4668-BE54-9A1E7A4F7556}") = "CleanArchCQRSMediatorAPI.Domain", "Core\Domain\CleanArchCQRSMediatorAPI.Domain.csproj", "{0D5EC3D3-1A8E-4069-92D2-F2EDEA134BA6}"
EndProject
Project("{9A19103F-16F7-4668-BE54-9A1E7A4F7556}") = "CleanArchCQRSMediatorAPI.Identity", "Infastructure\Identity\CleanArchCQRSMediatorAPI.Identity.csproj", "{E7CA2C7B-4034-49F9-A341-6A6604B91AAB}"
EndProject
Project("{9A19103F-16F7-4668-BE54-9A1E7A4F7556}") = "CleanArchCQRSMediatorAPI.Persistence", "Infastructure\Persistence\CleanArchCQRSMediatorAPI.Persistence.csproj", "{61097906-4422-4EE0-BC62-76227A0E03EE}"
EndProject
Project("{9A19103F-16F7-4668-BE54-9A1E7A4F7556}") = "CleanArchCQRSMediatorAPI.Utility", "Infastructure\Utility\CleanArchCQRSMediatorAPI.Utility.csproj", "{B0B47211-9BDE-4679-9177-6F683817CA5B}"
EndProject
Project("{9A19103F-16F7-4668-BE54-9A1E7A4F7556}") = "CleanArchCQRSMediatorAPI.Tests", "Tests\CleanArchCQRSMediatorAPI.Tests.csproj", "{B0437467-C855-4799-BB2D-D238AFC3A799}"
EndProject
Global
	GlobalSection(SolutionConfigurationPlatforms) = preSolution
		Debug|Any CPU = Debug|Any CPU
		Release|Any CPU = Release|Any CPU
	EndGlobalSection
	GlobalSection(ProjectConfigurationPlatforms) = postSolution
		{8554414C-1D33-4265-B828-699E66E2BCD1}.Debug|Any CPU.ActiveCfg = Debug|Any CPU
		{8554414C-1D33-4265-B828-699E66E2BCD1}.Debug|Any CPU.Build.0 = Debug|Any CPU
		{8554414C-1D33-4265-B828-699E66E2BCD1}.Release|Any CPU.ActiveCfg = Release|Any CPU
		{8554414C-1D33-4265-B828-699E66E2BCD1}.Release|Any CPU.Build.0 = Release|Any CPU
		{344A72CB-3A80-4C9E-B51A-2E9C68D04C17}.Debug|Any CPU.ActiveCfg = Debug|Any CPU
		{344A72CB-3A80-4C9E-B51A-2E9C68D04C17}.Debug|Any CPU.Build.0 = Debug|Any CPU
		{344A72CB-3A80-4C9E-B51A-2E9C68D04C17}.Release|Any CPU.ActiveCfg = Release|Any CPU
		{344A72CB-3A80-4C9E-B51A-2E9C68D04C17}.Release|Any CPU.Build.0 = Release|Any CPU
		{0D5EC3D3-1A8E-4069-92D2-F2EDEA134BA6}.Debug|Any CPU.ActiveCfg = Debug|Any CPU
		{0D5EC3D3-1A8E-4069-92D2-F2EDEA134BA6}.Debug|Any CPU.Build.0 = Debug|Any CPU
		{0D5EC3D3-1A8E-4069-92D2-F2EDEA134BA6}.Release|Any CPU.ActiveCfg = Release|Any CPU
		{0D5EC3D3-1A8E-4069-92D2-F2EDEA134BA6}.Release|Any CPU.Build.0 = Release|Any CPU
		{E7CA2C7B-4034-49F9-A341-6A6604B91AAB}.Debug|Any CPU.ActiveCfg = Debug|Any CPU
		{E7CA2C7B-4034-49F9-A341-6A6604B91AAB}.Debug|Any CPU.Build.0 = Debug|Any CPU
		{E7CA2C7B-4034-49F9-A341-6A6604B91AAB}.Release|Any CPU.ActiveCfg = Release|Any CPU
		{E7CA2C7B-4034-49F9-A341-6A6604B91AAB}.Release|Any CPU.Build.0 = Release|Any CPU
		{61097906-4422-4EE0-BC62-76227A0E03EE}.Debug|Any CPU.ActiveCfg = Debug|Any CPU
		{61097906-4422-4EE0-BC62-76227A0E03EE}.Debug|Any CPU.Build.0 = Debug|Any CPU
		{61097906-4422-4EE0-BC62-76227A0E03EE}.Release|Any CPU.ActiveCfg = Release|Any CPU
		{61097906-4422-4EE0-BC62-76227A0E03EE}.Release|Any CPU.Build.0 = Release|Any CPU
		{B0B47211-9BDE-4679-9177-6F683817CA5B}.Debug|Any CPU.ActiveCfg = Debug|Any CPU
		{B0B47211-9BDE-4679-9177-6F683817CA5B}.Debug|Any CPU.Build.0 = Debug|Any CPU
		{B0B47211-9BDE-4679-9177-6F683817CA5B}.Release|Any CPU.ActiveCfg = Release|Any CPU
		{B0B47211-9BDE-4679-9177-6F683817CA5B}.Release|Any CPU.Build.0 = Release|Any CPU
		{B0437467-C855-4799-BB2D-D238AFC3A799}.Debug|Any CPU.ActiveCfg = Debug|Any CPU
		{B0437467-C855-4799-BB2D-D238AFC3A799}.Debug|Any CPU.Build.0 = Debug|Any CPU
		{B0437467-C855-4799-BB2D-D238AFC3A799}.Release|Any CPU.ActiveCfg = Release|Any CPU
		{B0437467-C855-4799-BB2D-D238AFC3A799}.Release|Any CPU.Build.0 = Release|Any CPU
	EndGlobalSection
	GlobalSection(SolutionProperties) = preSolution
		HideSolutionNode = FALSE
	EndGlobalSection
	GlobalSection(NestedProjects) = preSolution
		{B89A4889-FA45-4305-948A-DDB901E8A1D9} = {31641C6A-ACFF-4705-803E-3C09AD0E89D7}
		{D60D43B5-4297-4E31-A10D-4442EE02CB39} = {79505AAA-4EA3-4CD0-8AB2-E506936C3BC7}
		{F6C02259-BD7C-4837-9068-4D77F342D7F0} = {31641C6A-ACFF-4705-803E-3C09AD0E89D7}
		{934B6050-F81F-463B-81D9-72F72BE142CB} = {79505AAA-4EA3-4CD0-8AB2-E506936C3BC7}
		{0CB3F815-C040-4735-8FC9-5EB1742FBAD4} = {79505AAA-4EA3-4CD0-8AB2-E506936C3BC7}
		{8554414C-1D33-4265-B828-699E66E2BCD1} = {DC612141-B5CD-4791-BC4F-7F8C267DA659}
		{344A72CB-3A80-4C9E-B51A-2E9C68D04C17} = {F6C02259-BD7C-4837-9068-4D77F342D7F0}
		{0D5EC3D3-1A8E-4069-92D2-F2EDEA134BA6} = {B89A4889-FA45-4305-948A-DDB901E8A1D9}
		{E7CA2C7B-4034-49F9-A341-6A6604B91AAB} = {0CB3F815-C040-4735-8FC9-5EB1742FBAD4}
		{61097906-4422-4EE0-BC62-76227A0E03EE} = {D60D43B5-4297-4E31-A10D-4442EE02CB39}
		{B0B47211-9BDE-4679-9177-6F683817CA5B} = {934B6050-F81F-463B-81D9-72F72BE142CB}
		{B0437467-C855-4799-BB2D-D238AFC3A799} = {1F2989F7-AC7E-46EE-813A-458937BC04AF}
	EndGlobalSection
	GlobalSection(ExtensibilityGlobals) = postSolution
		SolutionGuid = {FFA0098D-0E84-47E7-9417-35ECD1A24E85}
	EndGlobalSection
EndGlobal
